
Microsoft Visual Studio Solution File, Format Version 12.00
# Visual Studio Version 16
VisualStudioVersion = 16.0.32228.343
MinimumVisualStudioVersion = 10.0.40219.1
Project("{FAE04EC0-301F-11D3-BF4B-00C04F79EFBC}") = "api", "api\api.csproj", "{7560A77D-F695-4C61-8F53-E53B35CF6F6D}"
EndProject
Project("{FAE04EC0-301F-11D3-BF4B-00C04F79EFBC}") = "ViewModels", "ViewModels\ViewModels.csproj", "{4A0D7A20-33D0-4A73-A99E-F0119AB956DE}"
EndProject
Project("{FAE04EC0-301F-11D3-BF4B-00C04F79EFBC}") = "Libreria", "Libreria\Libreria.csproj", "{A6C347F6-F52C-4973-9AB9-23C93AFD2860}"
EndProject
Global
	GlobalSection(SolutionConfigurationPlatforms) = preSolution
		Debug|Any CPU = Debug|Any CPU
		Release|Any CPU = Release|Any CPU
	EndGlobalSection
	GlobalSection(ProjectConfigurationPlatforms) = postSolution
		{7560A77D-F695-4C61-8F53-E53B35CF6F6D}.Debug|Any CPU.ActiveCfg = Debug|Any CPU
		{7560A77D-F695-4C61-8F53-E53B35CF6F6D}.Debug|Any CPU.Build.0 = Debug|Any CPU
		{7560A77D-F695-4C61-8F53-E53B35CF6F6D}.Release|Any CPU.ActiveCfg = Release|Any CPU
		{7560A77D-F695-4C61-8F53-E53B35CF6F6D}.Release|Any CPU.Build.0 = Release|Any CPU
		{4A0D7A20-33D0-4A73-A99E-F0119AB956DE}.Debug|Any CPU.ActiveCfg = Debug|Any CPU
		{4A0D7A20-33D0-4A73-A99E-F0119AB956DE}.Debug|Any CPU.Build.0 = Debug|Any CPU
		{4A0D7A20-33D0-4A73-A99E-F0119AB956DE}.Release|Any CPU.ActiveCfg = Release|Any CPU
		{4A0D7A20-33D0-4A73-A99E-F0119AB956DE}.Release|Any CPU.Build.0 = Release|Any CPU
		{A6C347F6-F52C-4973-9AB9-23C93AFD2860}.Debug|Any CPU.ActiveCfg = Debug|Any CPU
		{A6C347F6-F52C-4973-9AB9-23C93AFD2860}.Debug|Any CPU.Build.0 = Debug|Any CPU
		{A6C347F6-F52C-4973-9AB9-23C93AFD2860}.Release|Any CPU.ActiveCfg = Release|Any CPU
		{A6C347F6-F52C-4973-9AB9-23C93AFD2860}.Release|Any CPU.Build.0 = Release|Any CPU
	EndGlobalSection
	GlobalSection(SolutionProperties) = preSolution
		HideSolutionNode = FALSE
	EndGlobalSection
	GlobalSection(ExtensibilityGlobals) = postSolution
		SolutionGuid = {8701F8EE-4253-47E2-88C0-1B1EEB2A8695}
	EndGlobalSection
EndGlobal
